
Microsoft Visual Studio Solution File, Format Version 12.00
# Visual Studio Version 17
VisualStudioVersion = 17.9.34701.34
MinimumVisualStudioVersion = 10.0.40219.1
Project("{FAE04EC0-301F-11D3-BF4B-00C04F79EFBC}") = "Task_1", "Task_1\Task_1.csproj", "{A2CF6E69-ECCE-45EB-8AEC-0060452A5D7E}"
EndProject
Global
	GlobalSection(SolutionConfigurationPlatforms) = preSolution
		Debug|Any CPU = Debug|Any CPU
		Release|Any CPU = Release|Any CPU
	EndGlobalSection
	GlobalSection(ProjectConfigurationPlatforms) = postSolution
		{A2CF6E69-ECCE-45EB-8AEC-0060452A5D7E}.Debug|Any CPU.ActiveCfg = Debug|Any CPU
		{A2CF6E69-ECCE-45EB-8AEC-0060452A5D7E}.Debug|Any CPU.Build.0 = Debug|Any CPU
		{A2CF6E69-ECCE-45EB-8AEC-0060452A5D7E}.Release|Any CPU.ActiveCfg = Release|Any CPU
		{A2CF6E69-ECCE-45EB-8AEC-0060452A5D7E}.Release|Any CPU.Build.0 = Release|Any CPU
	EndGlobalSection
	GlobalSection(SolutionProperties) = preSolution
		HideSolutionNode = FALSE
	EndGlobalSection
	GlobalSection(ExtensibilityGlobals) = postSolution
		SolutionGuid = {CD78E1D8-7685-4141-B1F4-5F304DA0DD17}
	EndGlobalSection
EndGlobal
