
Microsoft Visual Studio Solution File, Format Version 12.00
# Visual Studio Version 17
VisualStudioVersion = 17.9.34701.34
MinimumVisualStudioVersion = 10.0.40219.1
Project("{FAE04EC0-301F-11D3-BF4B-00C04F79EFBC}") = "Task_1", "Task_1\Task_1.csproj", "{5F0FB1F3-EDCC-4CC6-B217-C6FF31E18D15}"
EndProject
Project("{FAE04EC0-301F-11D3-BF4B-00C04F79EFBC}") = "Models", "Models\Models.csproj", "{19878322-41F8-45AC-9F0E-9D2C797BCCB7}"
EndProject
Global
	GlobalSection(SolutionConfigurationPlatforms) = preSolution
		Debug|Any CPU = Debug|Any CPU
		Release|Any CPU = Release|Any CPU
	EndGlobalSection
	GlobalSection(ProjectConfigurationPlatforms) = postSolution
		{5F0FB1F3-EDCC-4CC6-B217-C6FF31E18D15}.Debug|Any CPU.ActiveCfg = Debug|Any CPU
		{5F0FB1F3-EDCC-4CC6-B217-C6FF31E18D15}.Debug|Any CPU.Build.0 = Debug|Any CPU
		{5F0FB1F3-EDCC-4CC6-B217-C6FF31E18D15}.Release|Any CPU.ActiveCfg = Release|Any CPU
		{5F0FB1F3-EDCC-4CC6-B217-C6FF31E18D15}.Release|Any CPU.Build.0 = Release|Any CPU
		{19878322-41F8-45AC-9F0E-9D2C797BCCB7}.Debug|Any CPU.ActiveCfg = Debug|Any CPU
		{19878322-41F8-45AC-9F0E-9D2C797BCCB7}.Debug|Any CPU.Build.0 = Debug|Any CPU
		{19878322-41F8-45AC-9F0E-9D2C797BCCB7}.Release|Any CPU.ActiveCfg = Release|Any CPU
		{19878322-41F8-45AC-9F0E-9D2C797BCCB7}.Release|Any CPU.Build.0 = Release|Any CPU
	EndGlobalSection
	GlobalSection(SolutionProperties) = preSolution
		HideSolutionNode = FALSE
	EndGlobalSection
	GlobalSection(ExtensibilityGlobals) = postSolution
		SolutionGuid = {42B5238F-9747-488C-8F2C-D0B36BBB4E17}
	EndGlobalSection
EndGlobal
